
Microsoft Visual Studio Solution File, Format Version 12.00
# Visual Studio 2013
VisualStudioVersion = 12.0.21005.1
MinimumVisualStudioVersion = 10.0.40219.1
Project("{9092AA53-FB77-4645-B42D-1CCCA6BD08BD}") = "NasCast.Web", "NasCast.Web\NasCast.Web.njsproj", "{0B371457-C1A3-426D-BD96-32C782CCB44B}"
EndProject
Project("{9092AA53-FB77-4645-B42D-1CCCA6BD08BD}") = "NasCast.Core", "NasCast.Core\NasCast.Core.njsproj", "{E6A3FFBE-ED98-4EE3-81C0-8F3D9D5844C2}"
EndProject
Project("{2150E333-8FDC-42A3-9474-1A3956D46DE8}") = "Solution Items", "Solution Items", "{A6801B07-3DB5-487C-B5D8-67B3928B3DB2}"
	ProjectSection(SolutionItems) = preProject
		.gitignore = .gitignore
		README.md = README.md
	EndProjectSection
EndProject
Project("{9092AA53-FB77-4645-B42D-1CCCA6BD08BD}") = "Common", "Common\Common.njsproj", "{40CBE84D-311B-4ABD-80DD-690816E741B5}"
EndProject
Global
	GlobalSection(SolutionConfigurationPlatforms) = preSolution
		Debug|Any CPU = Debug|Any CPU
		Release|Any CPU = Release|Any CPU
	EndGlobalSection
	GlobalSection(ProjectConfigurationPlatforms) = postSolution
		{0B371457-C1A3-426D-BD96-32C782CCB44B}.Debug|Any CPU.ActiveCfg = Debug|Any CPU
		{0B371457-C1A3-426D-BD96-32C782CCB44B}.Debug|Any CPU.Build.0 = Debug|Any CPU
		{0B371457-C1A3-426D-BD96-32C782CCB44B}.Release|Any CPU.ActiveCfg = Release|Any CPU
		{0B371457-C1A3-426D-BD96-32C782CCB44B}.Release|Any CPU.Build.0 = Release|Any CPU
		{E6A3FFBE-ED98-4EE3-81C0-8F3D9D5844C2}.Debug|Any CPU.ActiveCfg = Debug|Any CPU
		{E6A3FFBE-ED98-4EE3-81C0-8F3D9D5844C2}.Debug|Any CPU.Build.0 = Debug|Any CPU
		{E6A3FFBE-ED98-4EE3-81C0-8F3D9D5844C2}.Release|Any CPU.ActiveCfg = Release|Any CPU
		{E6A3FFBE-ED98-4EE3-81C0-8F3D9D5844C2}.Release|Any CPU.Build.0 = Release|Any CPU
		{40CBE84D-311B-4ABD-80DD-690816E741B5}.Debug|Any CPU.ActiveCfg = Debug|Any CPU
		{40CBE84D-311B-4ABD-80DD-690816E741B5}.Debug|Any CPU.Build.0 = Debug|Any CPU
		{40CBE84D-311B-4ABD-80DD-690816E741B5}.Release|Any CPU.ActiveCfg = Release|Any CPU
		{40CBE84D-311B-4ABD-80DD-690816E741B5}.Release|Any CPU.Build.0 = Release|Any CPU
	EndGlobalSection
	GlobalSection(SolutionProperties) = preSolution
		HideSolutionNode = FALSE
	EndGlobalSection
EndGlobal
